// !$*UTF8*$!
{
	archiveVersion = 1;
	classes = {
	};
	objectVersion = 77;
	objects = {

/* Begin PBXContainerItemProxy section */
		7CCD75952E137968001C9FA6 /* PBXContainerItemProxy */ = {
			isa = PBXContainerItemProxy;
			containerPortal = 7CCD757F2E137966001C9FA6 /* Project object */;
			proxyType = 1;
			remoteGlobalIDString = 7CCD75862E137966001C9FA6;
			remoteInfo = LemonRestaurant;
		};
		7CCD759F2E137968001C9FA6 /* PBXContainerItemProxy */ = {
			isa = PBXContainerItemProxy;
			containerPortal = 7CCD757F2E137966001C9FA6 /* Project object */;
			proxyType = 1;
			remoteGlobalIDString = 7CCD75862E137966001C9FA6;
			remoteInfo = LemonRestaurant;
		};
/* End PBXContainerItemProxy section */

/* Begin PBXFileReference section */
		7CCD75872E137966001C9FA6 /* LemonRestaurant.app */ = {isa = PBXFileReference; explicitFileType = wrapper.application; includeInIndex = 0; path = LemonRestaurant.app; sourceTree = BUILT_PRODUCTS_DIR; };
		7CCD75942E137968001C9FA6 /* LemonRestaurantTests.xctest */ = {isa = PBXFileReference; explicitFileType = wrapper.cfbundle; includeInIndex = 0; path = LemonRestaurantTests.xctest; sourceTree = BUILT_PRODUCTS_DIR; };
		7CCD759E2E137968001C9FA6 /* LemonRestaurantUITests.xctest */ = {isa = PBXFileReference; explicitFileType = wrapper.cfbundle; includeInIndex = 0; path = LemonRestaurantUITests.xctest; sourceTree = BUILT_PRODUCTS_DIR; };
/* End PBXFileReference section */

/* Begin PBXFileSystemSynchronizedRootGroup section */
		7C8C0F982E160CAE00CBDA06 /* Practice */ = {
			isa = PBXFileSystemSynchronizedRootGroup;
			path = Practice;
			sourceTree = "<group>";
		};
		7CCD75892E137966001C9FA6 /* LemonRestaurant */ = {
			isa = PBXFileSystemSynchronizedRootGroup;
			path = LemonRestaurant;
			sourceTree = "<group>";
		};
		7CCD75972E137968001C9FA6 /* LemonRestaurantTests */ = {
			isa = PBXFileSystemSynchronizedRootGroup;
			path = LemonRestaurantTests;
			sourceTree = "<group>";
		};
		7CCD75A12E137968001C9FA6 /* LemonRestaurantUITests */ = {
			isa = PBXFileSystemSynchronizedRootGroup;
			path = LemonRestaurantUITests;
			sourceTree = "<group>";
		};
/* End PBXFileSystemSynchronizedRootGroup section */

/* Begin PBXFrameworksBuildPhase section */
		7CCD75842E137966001C9FA6 /* Frameworks */ = {
			isa = PBXFrameworksBuildPhase;
			buildActionMask = 2147483647;
			files = (
			);
			runOnlyForDeploymentPostprocessing = 0;
		};
		7CCD75912E137968001C9FA6 /* Frameworks */ = {
			isa = PBXFrameworksBuildPhase;
			buildActionMask = 2147483647;
			files = (
			);
			runOnlyForDeploymentPostprocessing = 0;
		};
		7CCD759B2E137968001C9FA6 /* Frameworks */ = {
			isa = PBXFrameworksBuildPhase;
			buildActionMask = 2147483647;
			files = (
			);
			runOnlyForDeploymentPostprocessing = 0;
		};
/* End PBXFrameworksBuildPhase section */

/* Begin PBXGroup section */
		7CCD757E2E137966001C9FA6 = {
			isa = PBXGroup;
			children = (
				7CCD75892E137966001C9FA6 /* LemonRestaurant */,
				7CCD75972E137968001C9FA6 /* LemonRestaurantTests */,
				7CCD75A12E137968001C9FA6 /* LemonRestaurantUITests */,
				7CCD75882E137966001C9FA6 /* Products */,
				7C8C0F982E160CAE00CBDA06 /* Practice */,
			);
			sourceTree = "<group>";
		};
		7CCD75882E137966001C9FA6 /* Products */ = {
			isa = PBXGroup;
			children = (
				7CCD75872E137966001C9FA6 /* LemonRestaurant.app */,
				7CCD75942E137968001C9FA6 /* LemonRestaurantTests.xctest */,
				7CCD759E2E137968001C9FA6 /* LemonRestaurantUITests.xctest */,
			);
			name = Products;
			sourceTree = "<group>";
		};
/* End PBXGroup section */

/* Begin PBXNativeTarget section */
		7CCD75862E137966001C9FA6 /* LemonRestaurant */ = {
			isa = PBXNativeTarget;
			buildConfigurationList = 7CCD75A82E137968001C9FA6 /* Build configuration list for PBXNativeTarget "LemonRestaurant" */;
			buildPhases = (
				7CCD75832E137966001C9FA6 /* Sources */,
				7CCD75842E137966001C9FA6 /* Frameworks */,
				7CCD75852E137966001C9FA6 /* Resources */,
			);
			buildRules = (
			);
			dependencies = (
			);
			fileSystemSynchronizedGroups = (
				7C8C0F982E160CAE00CBDA06 /* Practice */,
				7CCD75892E137966001C9FA6 /* LemonRestaurant */,
			);
			name = LemonRestaurant;
			packageProductDependencies = (
			);
			productName = LemonRestaurant;
			productReference = 7CCD75872E137966001C9FA6 /* LemonRestaurant.app */;
			productType = "com.apple.product-type.application";
		};
		7CCD75932E137968001C9FA6 /* LemonRestaurantTests */ = {
			isa = PBXNativeTarget;
			buildConfigurationList = 7CCD75AB2E137968001C9FA6 /* Build configuration list for PBXNativeTarget "LemonRestaurantTests" */;
			buildPhases = (
				7CCD75902E137968001C9FA6 /* Sources */,
				7CCD75912E137968001C9FA6 /* Frameworks */,
				7CCD75922E137968001C9FA6 /* Resources */,
			);
			buildRules = (
			);
			dependencies = (
				7CCD75962E137968001C9FA6 /* PBXTargetDependency */,
			);
			fileSystemSynchronizedGroups = (
				7CCD75972E137968001C9FA6 /* LemonRestaurantTests */,
			);
			name = LemonRestaurantTests;
			packageProductDependencies = (
			);
			productName = LemonRestaurantTests;
			productReference = 7CCD75942E137968001C9FA6 /* LemonRestaurantTests.xctest */;
			productType = "com.apple.product-type.bundle.unit-test";
		};
		7CCD759D2E137968001C9FA6 /* LemonRestaurantUITests */ = {
			isa = PBXNativeTarget;
			buildConfigurationList = 7CCD75AE2E137968001C9FA6 /* Build configuration list for PBXNativeTarget "LemonRestaurantUITests" */;
			buildPhases = (
				7CCD759A2E137968001C9FA6 /* Sources */,
				7CCD759B2E137968001C9FA6 /* Frameworks */,
				7CCD759C2E137968001C9FA6 /* Resources */,
			);
			buildRules = (
			);
			dependencies = (
				7CCD75A02E137968001C9FA6 /* PBXTargetDependency */,
			);
			fileSystemSynchronizedGroups = (
				7CCD75A12E137968001C9FA6 /* LemonRestaurantUITests */,
			);
			name = LemonRestaurantUITests;
			packageProductDependencies = (
			);
			productName = LemonRestaurantUITests;
			productReference = 7CCD759E2E137968001C9FA6 /* LemonRestaurantUITests.xctest */;
			productType = "com.apple.product-type.bundle.ui-testing";
		};
/* End PBXNativeTarget section */

/* Begin PBXProject section */
		7CCD757F2E137966001C9FA6 /* Project object */ = {
			isa = PBXProject;
			attributes = {
				BuildIndependentTargetsInParallel = 1;
				LastSwiftUpdateCheck = 1640;
				LastUpgradeCheck = 1640;
				TargetAttributes = {
					7CCD75862E137966001C9FA6 = {
						CreatedOnToolsVersion = 16.4;
					};
					7CCD75932E137968001C9FA6 = {
						CreatedOnToolsVersion = 16.4;
						TestTargetID = 7CCD75862E137966001C9FA6;
					};
					7CCD759D2E137968001C9FA6 = {
						CreatedOnToolsVersion = 16.4;
						TestTargetID = 7CCD75862E137966001C9FA6;
					};
				};
			};
			buildConfigurationList = 7CCD75822E137966001C9FA6 /* Build configuration list for PBXProject "LemonRestaurant" */;
			developmentRegion = en;
			hasScannedForEncodings = 0;
			knownRegions = (
				en,
				Base,
			);
			mainGroup = 7CCD757E2E137966001C9FA6;
			minimizedProjectReferenceProxies = 1;
			preferredProjectObjectVersion = 77;
			productRefGroup = 7CCD75882E137966001C9FA6 /* Products */;
			projectDirPath = "";
			projectRoot = "";
			targets = (
				7CCD75862E137966001C9FA6 /* LemonRestaurant */,
				7CCD75932E137968001C9FA6 /* LemonRestaurantTests */,
				7CCD759D2E137968001C9FA6 /* LemonRestaurantUITests */,
			);
		};
/* End PBXProject section */

/* Begin PBXResourcesBuildPhase section */
		7CCD75852E137966001C9FA6 /* Resources */ = {
			isa = PBXResourcesBuildPhase;
			buildActionMask = 2147483647;
			files = (
			);
			runOnlyForDeploymentPostprocessing = 0;
		};
		7CCD75922E137968001C9FA6 /* Resources */ = {
			isa = PBXResourcesBuildPhase;
			buildActionMask = 2147483647;
			files = (
			);
			runOnlyForDeploymentPostprocessing = 0;
		};
		7CCD759C2E137968001C9FA6 /* Resources */ = {
			isa = PBXResourcesBuildPhase;
			buildActionMask = 2147483647;
			files = (
			);
			runOnlyForDeploymentPostprocessing = 0;
		};
/* End PBXResourcesBuildPhase section */

/* Begin PBXSourcesBuildPhase section */
		7CCD75832E137966001C9FA6 /* Sources */ = {
			isa = PBXSourcesBuildPhase;
			buildActionMask = 2147483647;
			files = (
			);
			runOnlyForDeploymentPostprocessing = 0;
		};
		7CCD75902E137968001C9FA6 /* Sources */ = {
			isa = PBXSourcesBuildPhase;
			buildActionMask = 2147483647;
			files = (
			);
			runOnlyForDeploymentPostprocessing = 0;
		};
		7CCD759A2E137968001C9FA6 /* Sources */ = {
			isa = PBXSourcesBuildPhase;
			buildActionMask = 2147483647;
			files = (
			);
			runOnlyForDeploymentPostprocessing = 0;
		};
/* End PBXSourcesBuildPhase section */

/* Begin PBXTargetDependency section */
		7CCD75962E137968001C9FA6 /* PBXTargetDependency */ = {
			isa = PBXTargetDependency;
			target = 7CCD75862E137966001C9FA6 /* LemonRestaurant */;
			targetProxy = 7CCD75952E137968001C9FA6 /* PBXContainerItemProxy */;
		};
		7CCD75A02E137968001C9FA6 /* PBXTargetDependency */ = {
			isa = PBXTargetDependency;
			target = 7CCD75862E137966001C9FA6 /* LemonRestaurant */;
			targetProxy = 7CCD759F2E137968001C9FA6 /* PBXContainerItemProxy */;
		};
/* End PBXTargetDependency section */

/* Begin XCBuildConfiguration section */
		7CCD75A62E137968001C9FA6 /* Debug */ = {
			isa = XCBuildConfiguration;
			buildSettings = {
				ALWAYS_SEARCH_USER_PATHS = NO;
				ASSETCATALOG_COMPILER_GENERATE_SWIFT_ASSET_SYMBOL_EXTENSIONS = YES;
				CLANG_ANALYZER_NONNULL = YES;
				CLANG_ANALYZER_NUMBER_OBJECT_CONVERSION = YES_AGGRESSIVE;
				CLANG_CXX_LANGUAGE_STANDARD = "gnu++20";
				CLANG_ENABLE_MODULES = YES;
				CLANG_ENABLE_OBJC_ARC = YES;
				CLANG_ENABLE_OBJC_WEAK = YES;
				CLANG_WARN_BLOCK_CAPTURE_AUTORELEASING = YES;
				CLANG_WARN_BOOL_CONVERSION = YES;
				CLANG_WARN_COMMA = YES;
				CLANG_WARN_CONSTANT_CONVERSION = YES;
				CLANG_WARN_DEPRECATED_OBJC_IMPLEMENTATIONS = YES;
				CLANG_WARN_DIRECT_OBJC_ISA_USAGE = YES_ERROR;
				CLANG_WARN_DOCUMENTATION_COMMENTS = YES;
				CLANG_WARN_EMPTY_BODY = YES;
				CLANG_WARN_ENUM_CONVERSION = YES;
				CLANG_WARN_INFINITE_RECURSION = YES;
				CLANG_WARN_INT_CONVERSION = YES;
				CLANG_WARN_NON_LITERAL_NULL_CONVERSION = YES;
				CLANG_WARN_OBJC_IMPLICIT_RETAIN_SELF = YES;
				CLANG_WARN_OBJC_LITERAL_CONVERSION = YES;
				CLANG_WARN_OBJC_ROOT_CLASS = YES_ERROR;
				CLANG_WARN_QUOTED_INCLUDE_IN_FRAMEWORK_HEADER = YES;
				CLANG_WARN_RANGE_LOOP_ANALYSIS = YES;
				CLANG_WARN_STRICT_PROTOTYPES = YES;
				CLANG_WARN_SUSPICIOUS_MOVE = YES;
				CLANG_WARN_UNGUARDED_AVAILABILITY = YES_AGGRESSIVE;
				CLANG_WARN_UNREACHABLE_CODE = YES;
				CLANG_WARN__DUPLICATE_METHOD_MATCH = YES;
				COPY_PHASE_STRIP = NO;
				DEBUG_INFORMATION_FORMAT = dwarf;
				DEVELOPMENT_TEAM = Y7J7B74M4A;
				ENABLE_STRICT_OBJC_MSGSEND = YES;
				ENABLE_TESTABILITY = YES;
				ENABLE_USER_SCRIPT_SANDBOXING = YES;
				GCC_C_LANGUAGE_STANDARD = gnu17;
				GCC_DYNAMIC_NO_PIC = NO;
				GCC_NO_COMMON_BLOCKS = YES;
				GCC_OPTIMIZATION_LEVEL = 0;
				GCC_PREPROCESSOR_DEFINITIONS = (
					"DEBUG=1",
					"$(inherited)",
				);
				GCC_WARN_64_TO_32_BIT_CONVERSION = YES;
				GCC_WARN_ABOUT_RETURN_TYPE = YES_ERROR;
				GCC_WARN_UNDECLARED_SELECTOR = YES;
				GCC_WARN_UNINITIALIZED_AUTOS = YES_AGGRESSIVE;
				GCC_WARN_UNUSED_FUNCTION = YES;
				GCC_WARN_UNUSED_VARIABLE = YES;
				IPHONEOS_DEPLOYMENT_TARGET = 18.5;
				LOCALIZATION_PREFERS_STRING_CATALOGS = YES;
				MTL_ENABLE_DEBUG_INFO = INCLUDE_SOURCE;
				MTL_FAST_MATH = YES;
				ONLY_ACTIVE_ARCH = YES;
				SDKROOT = iphoneos;
				SWIFT_ACTIVE_COMPILATION_CONDITIONS = "DEBUG $(inherited)";
				SWIFT_OPTIMIZATION_LEVEL = "-Onone";
			};
			name = Debug;
		};
		7CCD75A72E137968001C9FA6 /* Release */ = {
			isa = XCBuildConfiguration;
			buildSettings = {
				ALWAYS_SEARCH_USER_PATHS = NO;
				ASSETCATALOG_COMPILER_GENERATE_SWIFT_ASSET_SYMBOL_EXTENSIONS = YES;
				CLANG_ANALYZER_NONNULL = YES;
				CLANG_ANALYZER_NUMBER_OBJECT_CONVERSION = YES_AGGRESSIVE;
				CLANG_CXX_LANGUAGE_STANDARD = "gnu++20";
				CLANG_ENABLE_MODULES = YES;
				CLANG_ENABLE_OBJC_ARC = YES;
				CLANG_ENABLE_OBJC_WEAK = YES;
				CLANG_WARN_BLOCK_CAPTURE_AUTORELEASING = YES;
				CLANG_WARN_BOOL_CONVERSION = YES;
				CLANG_WARN_COMMA = YES;
				CLANG_WARN_CONSTANT_CONVERSION = YES;
				CLANG_WARN_DEPRECATED_OBJC_IMPLEMENTATIONS = YES;
				CLANG_WARN_DIRECT_OBJC_ISA_USAGE = YES_ERROR;
				CLANG_WARN_DOCUMENTATION_COMMENTS = YES;
				CLANG_WARN_EMPTY_BODY = YES;
				CLANG_WARN_ENUM_CONVERSION = YES;
				CLANG_WARN_INFINITE_RECURSION = YES;
				CLANG_WARN_INT_CONVERSION = YES;
				CLANG_WARN_NON_LITERAL_NULL_CONVERSION = YES;
				CLANG_WARN_OBJC_IMPLICIT_RETAIN_SELF = YES;
				CLANG_WARN_OBJC_LITERAL_CONVERSION = YES;
				CLANG_WARN_OBJC_ROOT_CLASS = YES_ERROR;
				CLANG_WARN_QUOTED_INCLUDE_IN_FRAMEWORK_HEADER = YES;
				CLANG_WARN_RANGE_LOOP_ANALYSIS = YES;
				CLANG_WARN_STRICT_PROTOTYPES = YES;
				CLANG_WARN_SUSPICIOUS_MOVE = YES;
				CLANG_WARN_UNGUARDED_AVAILABILITY = YES_AGGRESSIVE;
				CLANG_WARN_UNREACHABLE_CODE = YES;
				CLANG_WARN__DUPLICATE_METHOD_MATCH = YES;
				COPY_PHASE_STRIP = NO;
				DEBUG_INFORMATION_FORMAT = "dwarf-with-dsym";
				DEVELOPMENT_TEAM = Y7J7B74M4A;
				ENABLE_NS_ASSERTIONS = NO;
				ENABLE_STRICT_OBJC_MSGSEND = YES;
				ENABLE_USER_SCRIPT_SANDBOXING = YES;
				GCC_C_LANGUAGE_STANDARD = gnu17;
				GCC_NO_COMMON_BLOCKS = YES;
				GCC_WARN_64_TO_32_BIT_CONVERSION = YES;
				GCC_WARN_ABOUT_RETURN_TYPE = YES_ERROR;
				GCC_WARN_UNDECLARED_SELECTOR = YES;
				GCC_WARN_UNINITIALIZED_AUTOS = YES_AGGRESSIVE;
				GCC_WARN_UNUSED_FUNCTION = YES;
				GCC_WARN_UNUSED_VARIABLE = YES;
				IPHONEOS_DEPLOYMENT_TARGET = 18.5;
				LOCALIZATION_PREFERS_STRING_CATALOGS = YES;
				MTL_ENABLE_DEBUG_INFO = NO;
				MTL_FAST_MATH = YES;
				SDKROOT = iphoneos;
				SWIFT_COMPILATION_MODE = wholemodule;
				VALIDATE_PRODUCT = YES;
			};
			name = Release;
		};
		7CCD75A92E137968001C9FA6 /* Debug */ = {
			isa = XCBuildConfiguration;
			buildSettings = {
				ASSETCATALOG_COMPILER_APPICON_NAME = AppIcon;
				ASSETCATALOG_COMPILER_GLOBAL_ACCENT_COLOR_NAME = AccentColor;
				CODE_SIGN_STYLE = Automatic;
				CURRENT_PROJECT_VERSION = 1;
				DEVELOPMENT_TEAM = Y7J7B74M4A;
				ENABLE_PREVIEWS = YES;
				GENERATE_INFOPLIST_FILE = YES;
				INFOPLIST_KEY_UIApplicationSceneManifest_Generation = YES;
				INFOPLIST_KEY_UIApplicationSupportsIndirectInputEvents = YES;
				INFOPLIST_KEY_UILaunchScreen_Generation = YES;
				INFOPLIST_KEY_UISupportedInterfaceOrientations_iPad = "UIInterfaceOrientationPortrait UIInterfaceOrientationPortraitUpsideDown UIInterfaceOrientationLandscapeLeft UIInterfaceOrientationLandscapeRight";
				INFOPLIST_KEY_UISupportedInterfaceOrientations_iPhone = "UIInterfaceOrientationPortrait UIInterfaceOrientationLandscapeLeft UIInterfaceOrientationLandscapeRight";
				LD_RUNPATH_SEARCH_PATHS = (
					"$(inherited)",
					"@executable_path/Frameworks",
				);
				MARKETING_VERSION = 1.0;
				PRODUCT_BUNDLE_IDENTIFIER = com.leomiranda.LemonRestaurant;
				PRODUCT_NAME = "$(TARGET_NAME)";
				SWIFT_EMIT_LOC_STRINGS = YES;
				SWIFT_VERSION = 5.0;
				TARGETED_DEVICE_FAMILY = "1,2";
			};
			name = Debug;
		};
		7CCD75AA2E137968001C9FA6 /* Release */ = {
			isa = XCBuildConfiguration;
			buildSettings = {
				ASSETCATALOG_COMPILER_APPICON_NAME = AppIcon;
				ASSETCATALOG_COMPILER_GLOBAL_ACCENT_COLOR_NAME = AccentColor;
				CODE_SIGN_STYLE = Automatic;
				CURRENT_PROJECT_VERSION = 1;
				DEVELOPMENT_TEAM = Y7J7B74M4A;
				ENABLE_PREVIEWS = YES;
				GENERATE_INFOPLIST_FILE = YES;
				INFOPLIST_KEY_UIApplicationSceneManifest_Generation = YES;
				INFOPLIST_KEY_UIApplicationSupportsIndirectInputEvents = YES;
				INFOPLIST_KEY_UILaunchScreen_Generation = YES;
				INFOPLIST_KEY_UISupportedInterfaceOrientations_iPad = "UIInterfaceOrientationPortrait UIInterfaceOrientationPortraitUpsideDown UIInterfaceOrientationLandscapeLeft UIInterfaceOrientationLandscapeRight";
				INFOPLIST_KEY_UISupportedInterfaceOrientations_iPhone = "UIInterfaceOrientationPortrait UIInterfaceOrientationLandscapeLeft UIInterfaceOrientationLandscapeRight";
				LD_RUNPATH_SEARCH_PATHS = (
					"$(inherited)",
					"@executable_path/Frameworks",
				);
				MARKETING_VERSION = 1.0;
				PRODUCT_BUNDLE_IDENTIFIER = com.leomiranda.LemonRestaurant;
				PRODUCT_NAME = "$(TARGET_NAME)";
				SWIFT_EMIT_LOC_STRINGS = YES;
				SWIFT_VERSION = 5.0;
				TARGETED_DEVICE_FAMILY = "1,2";
			};
			name = Release;
		};
		7CCD75AC2E137968001C9FA6 /* Debug */ = {
			isa = XCBuildConfiguration;
			buildSettings = {
				BUNDLE_LOADER = "$(TEST_HOST)";
				CODE_SIGN_STYLE = Automatic;
				CURRENT_PROJECT_VERSION = 1;
				DEVELOPMENT_TEAM = Y7J7B74M4A;
				GENERATE_INFOPLIST_FILE = YES;
				IPHONEOS_DEPLOYMENT_TARGET = 18.5;
				MARKETING_VERSION = 1.0;
				PRODUCT_BUNDLE_IDENTIFIER = com.leomiranda.LemonRestaurantTests;
				PRODUCT_NAME = "$(TARGET_NAME)";
				SWIFT_EMIT_LOC_STRINGS = NO;
				SWIFT_VERSION = 5.0;
				TARGETED_DEVICE_FAMILY = "1,2";
				TEST_HOST = "$(BUILT_PRODUCTS_DIR)/LemonRestaurant.app/$(BUNDLE_EXECUTABLE_FOLDER_PATH)/LemonRestaurant";
			};
			name = Debug;
		};
		7CCD75AD2E137968001C9FA6 /* Release */ = {
			isa = XCBuildConfiguration;
			buildSettings = {
				BUNDLE_LOADER = "$(TEST_HOST)";
				CODE_SIGN_STYLE = Automatic;
				CURRENT_PROJECT_VERSION = 1;
				DEVELOPMENT_TEAM = Y7J7B74M4A;
				GENERATE_INFOPLIST_FILE = YES;
				IPHONEOS_DEPLOYMENT_TARGET = 18.5;
				MARKETING_VERSION = 1.0;
				PRODUCT_BUNDLE_IDENTIFIER = com.leomiranda.LemonRestaurantTests;
				PRODUCT_NAME = "$(TARGET_NAME)";
				SWIFT_EMIT_LOC_STRINGS = NO;
				SWIFT_VERSION = 5.0;
				TARGETED_DEVICE_FAMILY = "1,2";
				TEST_HOST = "$(BUILT_PRODUCTS_DIR)/LemonRestaurant.app/$(BUNDLE_EXECUTABLE_FOLDER_PATH)/LemonRestaurant";
			};
			name = Release;
		};
		7CCD75AF2E137968001C9FA6 /* Debug */ = {
			isa = XCBuildConfiguration;
			buildSettings = {
				CODE_SIGN_STYLE = Automatic;
				CURRENT_PROJECT_VERSION = 1;
				DEVELOPMENT_TEAM = Y7J7B74M4A;
				GENERATE_INFOPLIST_FILE = YES;
				MARKETING_VERSION = 1.0;
				PRODUCT_BUNDLE_IDENTIFIER = com.leomiranda.LemonRestaurantUITests;
				PRODUCT_NAME = "$(TARGET_NAME)";
				SWIFT_EMIT_LOC_STRINGS = NO;
				SWIFT_VERSION = 5.0;
				TARGETED_DEVICE_FAMILY = "1,2";
				TEST_TARGET_NAME = LemonRestaurant;
			};
			name = Debug;
		};
		7CCD75B02E137968001C9FA6 /* Release */ = {
			isa = XCBuildConfiguration;
			buildSettings = {
				CODE_SIGN_STYLE = Automatic;
				CURRENT_PROJECT_VERSION = 1;
				DEVELOPMENT_TEAM = Y7J7B74M4A;
				GENERATE_INFOPLIST_FILE = YES;
				MARKETING_VERSION = 1.0;
				PRODUCT_BUNDLE_IDENTIFIER = com.leomiranda.LemonRestaurantUITests;
				PRODUCT_NAME = "$(TARGET_NAME)";
				SWIFT_EMIT_LOC_STRINGS = NO;
				SWIFT_VERSION = 5.0;
				TARGETED_DEVICE_FAMILY = "1,2";
				TEST_TARGET_NAME = LemonRestaurant;
			};
			name = Release;
		};
/* End XCBuildConfiguration section */

/* Begin XCConfigurationList section */
		7CCD75822E137966001C9FA6 /* Build configuration list for PBXProject "LemonRestaurant" */ = {
			isa = XCConfigurationList;
			buildConfigurations = (
				7CCD75A62E137968001C9FA6 /* Debug */,
				7CCD75A72E137968001C9FA6 /* Release */,
			);
			defaultConfigurationIsVisible = 0;
			defaultConfigurationName = Release;
		};
		7CCD75A82E137968001C9FA6 /* Build configuration list for PBXNativeTarget "LemonRestaurant" */ = {
			isa = XCConfigurationList;
			buildConfigurations = (
				7CCD75A92E137968001C9FA6 /* Debug */,
				7CCD75AA2E137968001C9FA6 /* Release */,
			);
			defaultConfigurationIsVisible = 0;
			defaultConfigurationName = Release;
		};
		7CCD75AB2E137968001C9FA6 /* Build configuration list for PBXNativeTarget "LemonRestaurantTests" */ = {
			isa = XCConfigurationList;
			buildConfigurations = (
				7CCD75AC2E137968001C9FA6 /* Debug */,
				7CCD75AD2E137968001C9FA6 /* Release */,
			);
			defaultConfigurationIsVisible = 0;
			defaultConfigurationName = Release;
		};
		7CCD75AE2E137968001C9FA6 /* Build configuration list for PBXNativeTarget "LemonRestaurantUITests" */ = {
			isa = XCConfigurationList;
			buildConfigurations = (
				7CCD75AF2E137968001C9FA6 /* Debug */,
				7CCD75B02E137968001C9FA6 /* Release */,
			);
			defaultConfigurationIsVisible = 0;
			defaultConfigurationName = Release;
		};
/* End XCConfigurationList section */
	};
	rootObject = 7CCD757F2E137966001C9FA6 /* Project object */;
}
